{
  "originHash" : "b8135794433eae0a05412b70b741391ccbd241eaca82c6743167ab8c29544a60",
  "pins" : [
    {
      "identity" : "airpoint",
      "kind" : "remoteSourceControl",
      "location" : "https://github.com/brianlo06/airpoint.git",
      "state" : {
        "revision" : "f2a3ed1ea4bd285c0fcc793a20ca5513a54c6dc9",
        "version" : "0.4.1"
      }
    }
  ],
  "version" : 3
}
